# generated by rye
# use `rye lock` or `rye sync` to update this lockfile
#
# last locked with the following flags:
#   pre: false
#   features: []
#   all-features: false
#   with-sources: false
#   generate-hashes: false
#   universal: false

-e file:.
cloudflared==1.0.0.2
    # via colab-ssh
packaging==24.1
    # via setuptools-scm
setuptools==72.1.0
    # via setuptools-scm
setuptools-scm==8.1.0
    # via cloudflared
